// !$*UTF8*$!
{
	archiveVersion = 1;
	classes = {
	};
	objectVersion = 56;
	objects = {

/* Begin PBXBuildFile section */
		13D8F59B2AB08ED500119557 /* Comment.swift in Sources */ = {isa = PBXBuildFile; fileRef = 13D8F5982AB08ED500119557 /* Comment.swift */; };
		13D8F59C2AB08ED500119557 /* User.swift in Sources */ = {isa = PBXBuildFile; fileRef = 13D8F5992AB08ED500119557 /* User.swift */; };
		13D8F59D2AB08ED500119557 /* Post.swift in Sources */ = {isa = PBXBuildFile; fileRef = 13D8F59A2AB08ED500119557 /* Post.swift */; };
		13D8F5A02AB08EF000119557 /* Constants.swift in Sources */ = {isa = PBXBuildFile; fileRef = 13D8F59F2AB08EF000119557 /* Constants.swift */; };
		13D8F5A52AB08F1400119557 /* UITableView + Extensions.swift in Sources */ = {isa = PBXBuildFile; fileRef = 13D8F5A32AB08F1400119557 /* UITableView + Extensions.swift */; };
		13D8F5AB2AB08F1B00119557 /* Assets.xcassets in Resources */ = {isa = PBXBuildFile; fileRef = 13D8F5A72AB08F1B00119557 /* Assets.xcassets */; };
		13D8F5AC2AB08F1B00119557 /* LaunchScreen.storyboard in Resources */ = {isa = PBXBuildFile; fileRef = 13D8F5A82AB08F1B00119557 /* LaunchScreen.storyboard */; };
		13D8F5B12AB08F2200119557 /* AppDelegate.swift in Sources */ = {isa = PBXBuildFile; fileRef = 13D8F5AF2AB08F2200119557 /* AppDelegate.swift */; };
		13D8F5B22AB08F2200119557 /* SceneDelegate.swift in Sources */ = {isa = PBXBuildFile; fileRef = 13D8F5B02AB08F2200119557 /* SceneDelegate.swift */; };
		13D8F5C12AB08F2A00119557 /* CommentsViewController.swift in Sources */ = {isa = PBXBuildFile; fileRef = 13D8F5B62AB08F2A00119557 /* CommentsViewController.swift */; };
		13D8F5C22AB08F2A00119557 /* CommentCell.swift in Sources */ = {isa = PBXBuildFile; fileRef = 13D8F5B82AB08F2A00119557 /* CommentCell.swift */; };
		13D8F5C32AB08F2A00119557 /* PostsViewController.swift in Sources */ = {isa = PBXBuildFile; fileRef = 13D8F5BB2AB08F2A00119557 /* PostsViewController.swift */; };
		13D8F5C42AB08F2A00119557 /* PostCell.swift in Sources */ = {isa = PBXBuildFile; fileRef = 13D8F5BD2AB08F2A00119557 /* PostCell.swift */; };
		13D8F5C92AB08F3200119557 /* UserService.swift in Sources */ = {isa = PBXBuildFile; fileRef = 13D8F5C62AB08F3200119557 /* UserService.swift */; };
		13D8F5CA2AB08F3200119557 /* PostService.swift in Sources */ = {isa = PBXBuildFile; fileRef = 13D8F5C72AB08F3200119557 /* PostService.swift */; };
		13D8F5CB2AB08F3200119557 /* CommentService.swift in Sources */ = {isa = PBXBuildFile; fileRef = 13D8F5C82AB08F3200119557 /* CommentService.swift */; };
/* End PBXBuildFile section */

/* Begin PBXFileReference section */
		13D8F57F2AB08DD600119557 /* Posts2.app */ = {isa = PBXFileReference; explicitFileType = wrapper.application; includeInIndex = 0; path = Posts2.app; sourceTree = BUILT_PRODUCTS_DIR; };
		13D8F5982AB08ED500119557 /* Comment.swift */ = {isa = PBXFileReference; fileEncoding = 4; lastKnownFileType = sourcecode.swift; path = Comment.swift; sourceTree = "<group>"; };
		13D8F5992AB08ED500119557 /* User.swift */ = {isa = PBXFileReference; fileEncoding = 4; lastKnownFileType = sourcecode.swift; path = User.swift; sourceTree = "<group>"; };
		13D8F59A2AB08ED500119557 /* Post.swift */ = {isa = PBXFileReference; fileEncoding = 4; lastKnownFileType = sourcecode.swift; path = Post.swift; sourceTree = "<group>"; };
		13D8F59F2AB08EF000119557 /* Constants.swift */ = {isa = PBXFileReference; fileEncoding = 4; lastKnownFileType = sourcecode.swift; path = Constants.swift; sourceTree = "<group>"; };
		13D8F5A32AB08F1400119557 /* UITableView + Extensions.swift */ = {isa = PBXFileReference; fileEncoding = 4; lastKnownFileType = sourcecode.swift; path = "UITableView + Extensions.swift"; sourceTree = "<group>"; };
		13D8F5A72AB08F1B00119557 /* Assets.xcassets */ = {isa = PBXFileReference; lastKnownFileType = folder.assetcatalog; path = Assets.xcassets; sourceTree = "<group>"; };
		13D8F5A92AB08F1B00119557 /* Base */ = {isa = PBXFileReference; lastKnownFileType = file.storyboard; name = Base; path = Base.lproj/LaunchScreen.storyboard; sourceTree = "<group>"; };
		13D8F5AF2AB08F2200119557 /* AppDelegate.swift */ = {isa = PBXFileReference; fileEncoding = 4; lastKnownFileType = sourcecode.swift; path = AppDelegate.swift; sourceTree = "<group>"; };
		13D8F5B02AB08F2200119557 /* SceneDelegate.swift */ = {isa = PBXFileReference; fileEncoding = 4; lastKnownFileType = sourcecode.swift; path = SceneDelegate.swift; sourceTree = "<group>"; };
		13D8F5B62AB08F2A00119557 /* CommentsViewController.swift */ = {isa = PBXFileReference; fileEncoding = 4; lastKnownFileType = sourcecode.swift; path = CommentsViewController.swift; sourceTree = "<group>"; };
		13D8F5B82AB08F2A00119557 /* CommentCell.swift */ = {isa = PBXFileReference; fileEncoding = 4; lastKnownFileType = sourcecode.swift; path = CommentCell.swift; sourceTree = "<group>"; };
		13D8F5BB2AB08F2A00119557 /* PostsViewController.swift */ = {isa = PBXFileReference; fileEncoding = 4; lastKnownFileType = sourcecode.swift; path = PostsViewController.swift; sourceTree = "<group>"; };
		13D8F5BD2AB08F2A00119557 /* PostCell.swift */ = {isa = PBXFileReference; fileEncoding = 4; lastKnownFileType = sourcecode.swift; path = PostCell.swift; sourceTree = "<group>"; };
		13D8F5C62AB08F3200119557 /* UserService.swift */ = {isa = PBXFileReference; fileEncoding = 4; lastKnownFileType = sourcecode.swift; path = UserService.swift; sourceTree = "<group>"; };
		13D8F5C72AB08F3200119557 /* PostService.swift */ = {isa = PBXFileReference; fileEncoding = 4; lastKnownFileType = sourcecode.swift; path = PostService.swift; sourceTree = "<group>"; };
		13D8F5C82AB08F3200119557 /* CommentService.swift */ = {isa = PBXFileReference; fileEncoding = 4; lastKnownFileType = sourcecode.swift; path = CommentService.swift; sourceTree = "<group>"; };
		13D8F5CC2AB093E300119557 /* Info.plist */ = {isa = PBXFileReference; fileEncoding = 4; lastKnownFileType = text.plist.xml; path = Info.plist; sourceTree = "<group>"; };
/* End PBXFileReference section */

/* Begin PBXFrameworksBuildPhase section */
		13D8F57C2AB08DD600119557 /* Frameworks */ = {
			isa = PBXFrameworksBuildPhase;
			buildActionMask = 2147483647;
			files = (
			);
			runOnlyForDeploymentPostprocessing = 0;
		};
/* End PBXFrameworksBuildPhase section */

/* Begin PBXGroup section */
		13D8F5762AB08DD600119557 = {
			isa = PBXGroup;
			children = (
				13D8F5812AB08DD600119557 /* Posts2 */,
				13D8F5802AB08DD600119557 /* Products */,
			);
			sourceTree = "<group>";
		};
		13D8F5802AB08DD600119557 /* Products */ = {
			isa = PBXGroup;
			children = (
				13D8F57F2AB08DD600119557 /* Posts2.app */,
			);
			name = Products;
			sourceTree = "<group>";
		};
		13D8F5812AB08DD600119557 /* Posts2 */ = {
			isa = PBXGroup;
			children = (
				13D8F59E2AB08EF000119557 /* Constants */,
				13D8F5A12AB08F1400119557 /* Extensions */,
				13D8F5972AB08ED500119557 /* Model */,
				13D8F5A62AB08F1B00119557 /* Resource */,
				13D8F5AE2AB08F2200119557 /* Root */,
				13D8F5B32AB08F2A00119557 /* Screen */,
				13D8F5C52AB08F3200119557 /* Service */,
			);
			path = Posts2;
			sourceTree = "<group>";
		};
		13D8F5972AB08ED500119557 /* Model */ = {
			isa = PBXGroup;
			children = (
				13D8F5982AB08ED500119557 /* Comment.swift */,
				13D8F5992AB08ED500119557 /* User.swift */,
				13D8F59A2AB08ED500119557 /* Post.swift */,
			);
			path = Model;
			sourceTree = "<group>";
		};
		13D8F59E2AB08EF000119557 /* Constants */ = {
			isa = PBXGroup;
			children = (
				13D8F59F2AB08EF000119557 /* Constants.swift */,
			);
			path = Constants;
			sourceTree = "<group>";
		};
		13D8F5A12AB08F1400119557 /* Extensions */ = {
			isa = PBXGroup;
			children = (
				13D8F5A32AB08F1400119557 /* UITableView + Extensions.swift */,
			);
			path = Extensions;
			sourceTree = "<group>";
		};
		13D8F5A62AB08F1B00119557 /* Resource */ = {
			isa = PBXGroup;
			children = (
				13D8F5CC2AB093E300119557 /* Info.plist */,
				13D8F5A72AB08F1B00119557 /* Assets.xcassets */,
				13D8F5A82AB08F1B00119557 /* LaunchScreen.storyboard */,
			);
			path = Resource;
			sourceTree = "<group>";
		};
		13D8F5AE2AB08F2200119557 /* Root */ = {
			isa = PBXGroup;
			children = (
				13D8F5AF2AB08F2200119557 /* AppDelegate.swift */,
				13D8F5B02AB08F2200119557 /* SceneDelegate.swift */,
			);
			path = Root;
			sourceTree = "<group>";
		};
		13D8F5B32AB08F2A00119557 /* Screen */ = {
			isa = PBXGroup;
			children = (
				13D8F5B42AB08F2A00119557 /* Comments */,
				13D8F5B92AB08F2A00119557 /* Posts */,
				13D8F5BE2AB08F2A00119557 /* Users */,
			);
			path = Screen;
			sourceTree = "<group>";
		};
		13D8F5B42AB08F2A00119557 /* Comments */ = {
			isa = PBXGroup;
			children = (
				13D8F5B52AB08F2A00119557 /* Controller */,
				13D8F5B72AB08F2A00119557 /* View */,
			);
			path = Comments;
			sourceTree = "<group>";
		};
		13D8F5B52AB08F2A00119557 /* Controller */ = {
			isa = PBXGroup;
			children = (
				13D8F5B62AB08F2A00119557 /* CommentsViewController.swift */,
			);
			path = Controller;
			sourceTree = "<group>";
		};
		13D8F5B72AB08F2A00119557 /* View */ = {
			isa = PBXGroup;
			children = (
				13D8F5B82AB08F2A00119557 /* CommentCell.swift */,
			);
			path = View;
			sourceTree = "<group>";
		};
		13D8F5B92AB08F2A00119557 /* Posts */ = {
			isa = PBXGroup;
			children = (
				13D8F5BA2AB08F2A00119557 /* Controller */,
				13D8F5BC2AB08F2A00119557 /* View */,
			);
			path = Posts;
			sourceTree = "<group>";
		};
		13D8F5BA2AB08F2A00119557 /* Controller */ = {
			isa = PBXGroup;
			children = (
				13D8F5BB2AB08F2A00119557 /* PostsViewController.swift */,
			);
			path = Controller;
			sourceTree = "<group>";
		};
		13D8F5BC2AB08F2A00119557 /* View */ = {
			isa = PBXGroup;
			children = (
				13D8F5BD2AB08F2A00119557 /* PostCell.swift */,
			);
			path = View;
			sourceTree = "<group>";
		};
		13D8F5BE2AB08F2A00119557 /* Users */ = {
			isa = PBXGroup;
			children = (
				13D8F5BF2AB08F2A00119557 /* Controller */,
				13D8F5C02AB08F2A00119557 /* View */,
			);
			path = Users;
			sourceTree = "<group>";
		};
		13D8F5BF2AB08F2A00119557 /* Controller */ = {
			isa = PBXGroup;
			children = (
			);
			path = Controller;
			sourceTree = "<group>";
		};
		13D8F5C02AB08F2A00119557 /* View */ = {
			isa = PBXGroup;
			children = (
			);
			path = View;
			sourceTree = "<group>";
		};
		13D8F5C52AB08F3200119557 /* Service */ = {
			isa = PBXGroup;
			children = (
				13D8F5C62AB08F3200119557 /* UserService.swift */,
				13D8F5C72AB08F3200119557 /* PostService.swift */,
				13D8F5C82AB08F3200119557 /* CommentService.swift */,
			);
			path = Service;
			sourceTree = "<group>";
		};
/* End PBXGroup section */

/* Begin PBXNativeTarget section */
		13D8F57E2AB08DD600119557 /* Posts2 */ = {
			isa = PBXNativeTarget;
			buildConfigurationList = 13D8F5932AB08DD800119557 /* Build configuration list for PBXNativeTarget "Posts2" */;
			buildPhases = (
				13D8F57B2AB08DD600119557 /* Sources */,
				13D8F57C2AB08DD600119557 /* Frameworks */,
				13D8F57D2AB08DD600119557 /* Resources */,
				13D8F5962AB08E1000119557 /* ShellScript */,
			);
			buildRules = (
			);
			dependencies = (
			);
			name = Posts2;
			productName = Posts2;
			productReference = 13D8F57F2AB08DD600119557 /* Posts2.app */;
			productType = "com.apple.product-type.application";
		};
/* End PBXNativeTarget section */

/* Begin PBXProject section */
		13D8F5772AB08DD600119557 /* Project object */ = {
			isa = PBXProject;
			attributes = {
				BuildIndependentTargetsInParallel = 1;
				LastSwiftUpdateCheck = 1430;
				LastUpgradeCheck = 1430;
				TargetAttributes = {
					13D8F57E2AB08DD600119557 = {
						CreatedOnToolsVersion = 14.3.1;
					};
				};
			};
			buildConfigurationList = 13D8F57A2AB08DD600119557 /* Build configuration list for PBXProject "Posts2" */;
			compatibilityVersion = "Xcode 14.0";
			developmentRegion = en;
			hasScannedForEncodings = 0;
			knownRegions = (
				en,
				Base,
			);
			mainGroup = 13D8F5762AB08DD600119557;
			productRefGroup = 13D8F5802AB08DD600119557 /* Products */;
			projectDirPath = "";
			projectRoot = "";
			targets = (
				13D8F57E2AB08DD600119557 /* Posts2 */,
			);
		};
/* End PBXProject section */

/* Begin PBXResourcesBuildPhase section */
		13D8F57D2AB08DD600119557 /* Resources */ = {
			isa = PBXResourcesBuildPhase;
			buildActionMask = 2147483647;
			files = (
				13D8F5AB2AB08F1B00119557 /* Assets.xcassets in Resources */,
				13D8F5AC2AB08F1B00119557 /* LaunchScreen.storyboard in Resources */,
			);
			runOnlyForDeploymentPostprocessing = 0;
		};
/* End PBXResourcesBuildPhase section */

/* Begin PBXShellScriptBuildPhase section */
		13D8F5962AB08E1000119557 /* ShellScript */ = {
			isa = PBXShellScriptBuildPhase;
			alwaysOutOfDate = 1;
			buildActionMask = 2147483647;
			files = (
			);
			inputFileListPaths = (
			);
			inputPaths = (
			);
			outputFileListPaths = (
			);
			outputPaths = (
			);
			runOnlyForDeploymentPostprocessing = 0;
			shellPath = /bin/sh;
			shellScript = "if which swiftlint > /dev/null; then\n  swiftlint\nelse\n  echo \"warning: SwiftLint not installed, download from https://github.com/realm/SwiftLint\"\nfi\n";
		};
/* End PBXShellScriptBuildPhase section */

/* Begin PBXSourcesBuildPhase section */
		13D8F57B2AB08DD600119557 /* Sources */ = {
			isa = PBXSourcesBuildPhase;
			buildActionMask = 2147483647;
			files = (
				13D8F59D2AB08ED500119557 /* Post.swift in Sources */,
				13D8F59C2AB08ED500119557 /* User.swift in Sources */,
				13D8F59B2AB08ED500119557 /* Comment.swift in Sources */,
				13D8F5B12AB08F2200119557 /* AppDelegate.swift in Sources */,
				13D8F5C32AB08F2A00119557 /* PostsViewController.swift in Sources */,
				13D8F5C92AB08F3200119557 /* UserService.swift in Sources */,
				13D8F5C22AB08F2A00119557 /* CommentCell.swift in Sources */,
				13D8F5A02AB08EF000119557 /* Constants.swift in Sources */,
				13D8F5CA2AB08F3200119557 /* PostService.swift in Sources */,
				13D8F5A52AB08F1400119557 /* UITableView + Extensions.swift in Sources */,
				13D8F5B22AB08F2200119557 /* SceneDelegate.swift in Sources */,
				13D8F5C12AB08F2A00119557 /* CommentsViewController.swift in Sources */,
				13D8F5CB2AB08F3200119557 /* CommentService.swift in Sources */,
				13D8F5C42AB08F2A00119557 /* PostCell.swift in Sources */,
			);
			runOnlyForDeploymentPostprocessing = 0;
		};
/* End PBXSourcesBuildPhase section */

/* Begin PBXVariantGroup section */
		13D8F5A82AB08F1B00119557 /* LaunchScreen.storyboard */ = {
			isa = PBXVariantGroup;
			children = (
				13D8F5A92AB08F1B00119557 /* Base */,
			);
			name = LaunchScreen.storyboard;
			sourceTree = "<group>";
		};
/* End PBXVariantGroup section */

/* Begin XCBuildConfiguration section */
		13D8F5912AB08DD800119557 /* Debug */ = {
			isa = XCBuildConfiguration;
			buildSettings = {
				ALWAYS_SEARCH_USER_PATHS = NO;
				CLANG_ANALYZER_NONNULL = YES;
				CLANG_ANALYZER_NUMBER_OBJECT_CONVERSION = YES_AGGRESSIVE;
				CLANG_CXX_LANGUAGE_STANDARD = "gnu++20";
				CLANG_ENABLE_MODULES = YES;
				CLANG_ENABLE_OBJC_ARC = YES;
				CLANG_ENABLE_OBJC_WEAK = YES;
				CLANG_WARN_BLOCK_CAPTURE_AUTORELEASING = YES;
				CLANG_WARN_BOOL_CONVERSION = YES;
				CLANG_WARN_COMMA = YES;
				CLANG_WARN_CONSTANT_CONVERSION = YES;
				CLANG_WARN_DEPRECATED_OBJC_IMPLEMENTATIONS = YES;
				CLANG_WARN_DIRECT_OBJC_ISA_USAGE = YES_ERROR;
				CLANG_WARN_DOCUMENTATION_COMMENTS = YES;
				CLANG_WARN_EMPTY_BODY = YES;
				CLANG_WARN_ENUM_CONVERSION = YES;
				CLANG_WARN_INFINITE_RECURSION = YES;
				CLANG_WARN_INT_CONVERSION = YES;
				CLANG_WARN_NON_LITERAL_NULL_CONVERSION = YES;
				CLANG_WARN_OBJC_IMPLICIT_RETAIN_SELF = YES;
				CLANG_WARN_OBJC_LITERAL_CONVERSION = YES;
				CLANG_WARN_OBJC_ROOT_CLASS = YES_ERROR;
				CLANG_WARN_QUOTED_INCLUDE_IN_FRAMEWORK_HEADER = YES;
				CLANG_WARN_RANGE_LOOP_ANALYSIS = YES;
				CLANG_WARN_STRICT_PROTOTYPES = YES;
				CLANG_WARN_SUSPICIOUS_MOVE = YES;
				CLANG_WARN_UNGUARDED_AVAILABILITY = YES_AGGRESSIVE;
				CLANG_WARN_UNREACHABLE_CODE = YES;
				CLANG_WARN__DUPLICATE_METHOD_MATCH = YES;
				COPY_PHASE_STRIP = NO;
				DEBUG_INFORMATION_FORMAT = dwarf;
				ENABLE_STRICT_OBJC_MSGSEND = YES;
				ENABLE_TESTABILITY = YES;
				GCC_C_LANGUAGE_STANDARD = gnu11;
				GCC_DYNAMIC_NO_PIC = NO;
				GCC_NO_COMMON_BLOCKS = YES;
				GCC_OPTIMIZATION_LEVEL = 0;
				GCC_PREPROCESSOR_DEFINITIONS = (
					"DEBUG=1",
					"$(inherited)",
				);
				GCC_WARN_64_TO_32_BIT_CONVERSION = YES;
				GCC_WARN_ABOUT_RETURN_TYPE = YES_ERROR;
				GCC_WARN_UNDECLARED_SELECTOR = YES;
				GCC_WARN_UNINITIALIZED_AUTOS = YES_AGGRESSIVE;
				GCC_WARN_UNUSED_FUNCTION = YES;
				GCC_WARN_UNUSED_VARIABLE = YES;
				GENERATE_INFOPLIST_FILE = YES;
				IPHONEOS_DEPLOYMENT_TARGET = 16.0;
				MTL_ENABLE_DEBUG_INFO = INCLUDE_SOURCE;
				MTL_FAST_MATH = YES;
				ONLY_ACTIVE_ARCH = YES;
				SDKROOT = iphoneos;
				SWIFT_ACTIVE_COMPILATION_CONDITIONS = DEBUG;
				SWIFT_OPTIMIZATION_LEVEL = "-Onone";
			};
			name = Debug;
		};
		13D8F5922AB08DD800119557 /* Release */ = {
			isa = XCBuildConfiguration;
			buildSettings = {
				ALWAYS_SEARCH_USER_PATHS = NO;
				CLANG_ANALYZER_NONNULL = YES;
				CLANG_ANALYZER_NUMBER_OBJECT_CONVERSION = YES_AGGRESSIVE;
				CLANG_CXX_LANGUAGE_STANDARD = "gnu++20";
				CLANG_ENABLE_MODULES = YES;
				CLANG_ENABLE_OBJC_ARC = YES;
				CLANG_ENABLE_OBJC_WEAK = YES;
				CLANG_WARN_BLOCK_CAPTURE_AUTORELEASING = YES;
				CLANG_WARN_BOOL_CONVERSION = YES;
				CLANG_WARN_COMMA = YES;
				CLANG_WARN_CONSTANT_CONVERSION = YES;
				CLANG_WARN_DEPRECATED_OBJC_IMPLEMENTATIONS = YES;
				CLANG_WARN_DIRECT_OBJC_ISA_USAGE = YES_ERROR;
				CLANG_WARN_DOCUMENTATION_COMMENTS = YES;
				CLANG_WARN_EMPTY_BODY = YES;
				CLANG_WARN_ENUM_CONVERSION = YES;
				CLANG_WARN_INFINITE_RECURSION = YES;
				CLANG_WARN_INT_CONVERSION = YES;
				CLANG_WARN_NON_LITERAL_NULL_CONVERSION = YES;
				CLANG_WARN_OBJC_IMPLICIT_RETAIN_SELF = YES;
				CLANG_WARN_OBJC_LITERAL_CONVERSION = YES;
				CLANG_WARN_OBJC_ROOT_CLASS = YES_ERROR;
				CLANG_WARN_QUOTED_INCLUDE_IN_FRAMEWORK_HEADER = YES;
				CLANG_WARN_RANGE_LOOP_ANALYSIS = YES;
				CLANG_WARN_STRICT_PROTOTYPES = YES;
				CLANG_WARN_SUSPICIOUS_MOVE = YES;
				CLANG_WARN_UNGUARDED_AVAILABILITY = YES_AGGRESSIVE;
				CLANG_WARN_UNREACHABLE_CODE = YES;
				CLANG_WARN__DUPLICATE_METHOD_MATCH = YES;
				COPY_PHASE_STRIP = NO;
				DEBUG_INFORMATION_FORMAT = "dwarf-with-dsym";
				ENABLE_NS_ASSERTIONS = NO;
				ENABLE_STRICT_OBJC_MSGSEND = YES;
				GCC_C_LANGUAGE_STANDARD = gnu11;
				GCC_NO_COMMON_BLOCKS = YES;
				GCC_WARN_64_TO_32_BIT_CONVERSION = YES;
				GCC_WARN_ABOUT_RETURN_TYPE = YES_ERROR;
				GCC_WARN_UNDECLARED_SELECTOR = YES;
				GCC_WARN_UNINITIALIZED_AUTOS = YES_AGGRESSIVE;
				GCC_WARN_UNUSED_FUNCTION = YES;
				GCC_WARN_UNUSED_VARIABLE = YES;
				GENERATE_INFOPLIST_FILE = YES;
				IPHONEOS_DEPLOYMENT_TARGET = 16.0;
				MTL_ENABLE_DEBUG_INFO = NO;
				MTL_FAST_MATH = YES;
				SDKROOT = iphoneos;
				SWIFT_COMPILATION_MODE = wholemodule;
				SWIFT_OPTIMIZATION_LEVEL = "-O";
				VALIDATE_PRODUCT = YES;
			};
			name = Release;
		};
		13D8F5942AB08DD800119557 /* Debug */ = {
			isa = XCBuildConfiguration;
			buildSettings = {
				ASSETCATALOG_COMPILER_APPICON_NAME = AppIcon;
				ASSETCATALOG_COMPILER_GLOBAL_ACCENT_COLOR_NAME = AccentColor;
				CODE_SIGN_STYLE = Automatic;
				CURRENT_PROJECT_VERSION = 1;
				DEVELOPMENT_TEAM = 638X89N9H7;
				GENERATE_INFOPLIST_FILE = YES;
				INFOPLIST_FILE = Posts2/Resource/Info.plist;
				INFOPLIST_KEY_UIApplicationSupportsIndirectInputEvents = YES;
				INFOPLIST_KEY_UILaunchStoryboardName = LaunchScreen;
				INFOPLIST_KEY_UISupportedInterfaceOrientations = UIInterfaceOrientationPortrait;
				INFOPLIST_KEY_UISupportedInterfaceOrientations_iPad = "UIInterfaceOrientationLandscapeLeft UIInterfaceOrientationLandscapeRight UIInterfaceOrientationPortrait UIInterfaceOrientationPortraitUpsideDown";
				IPHONEOS_DEPLOYMENT_TARGET = 16.0;
				LD_RUNPATH_SEARCH_PATHS = (
					"$(inherited)",
					"@executable_path/Frameworks",
				);
				MARKETING_VERSION = 1.0;
				PRODUCT_BUNDLE_IDENTIFIER = "-.Posts2";
				PRODUCT_NAME = "$(TARGET_NAME)";
				SUPPORTED_PLATFORMS = "iphoneos iphonesimulator";
				SUPPORTS_MACCATALYST = NO;
				SUPPORTS_MAC_DESIGNED_FOR_IPHONE_IPAD = NO;
				SWIFT_EMIT_LOC_STRINGS = YES;
				SWIFT_VERSION = 5.0;
				TARGETED_DEVICE_FAMILY = 1;
			};
			name = Debug;
		};
		13D8F5952AB08DD800119557 /* Release */ = {
			isa = XCBuildConfiguration;
			buildSettings = {
				ASSETCATALOG_COMPILER_APPICON_NAME = AppIcon;
				ASSETCATALOG_COMPILER_GLOBAL_ACCENT_COLOR_NAME = AccentColor;
				CODE_SIGN_STYLE = Automatic;
				CURRENT_PROJECT_VERSION = 1;
				DEVELOPMENT_TEAM = 638X89N9H7;
				GENERATE_INFOPLIST_FILE = YES;
				INFOPLIST_FILE = Posts2/Resource/Info.plist;
				INFOPLIST_KEY_UIApplicationSupportsIndirectInputEvents = YES;
				INFOPLIST_KEY_UILaunchStoryboardName = LaunchScreen;
				INFOPLIST_KEY_UISupportedInterfaceOrientations = UIInterfaceOrientationPortrait;
				INFOPLIST_KEY_UISupportedInterfaceOrientations_iPad = "UIInterfaceOrientationLandscapeLeft UIInterfaceOrientationLandscapeRight UIInterfaceOrientationPortrait UIInterfaceOrientationPortraitUpsideDown";
				IPHONEOS_DEPLOYMENT_TARGET = 16.0;
				LD_RUNPATH_SEARCH_PATHS = (
					"$(inherited)",
					"@executable_path/Frameworks",
				);
				MARKETING_VERSION = 1.0;
				PRODUCT_BUNDLE_IDENTIFIER = "-.Posts2";
				PRODUCT_NAME = "$(TARGET_NAME)";
				SUPPORTED_PLATFORMS = "iphoneos iphonesimulator";
				SUPPORTS_MACCATALYST = NO;
				SUPPORTS_MAC_DESIGNED_FOR_IPHONE_IPAD = NO;
				SWIFT_EMIT_LOC_STRINGS = YES;
				SWIFT_VERSION = 5.0;
				TARGETED_DEVICE_FAMILY = 1;
			};
			name = Release;
		};
/* End XCBuildConfiguration section */

/* Begin XCConfigurationList section */
		13D8F57A2AB08DD600119557 /* Build configuration list for PBXProject "Posts2" */ = {
			isa = XCConfigurationList;
			buildConfigurations = (
				13D8F5912AB08DD800119557 /* Debug */,
				13D8F5922AB08DD800119557 /* Release */,
			);
			defaultConfigurationIsVisible = 0;
			defaultConfigurationName = Release;
		};
		13D8F5932AB08DD800119557 /* Build configuration list for PBXNativeTarget "Posts2" */ = {
			isa = XCConfigurationList;
			buildConfigurations = (
				13D8F5942AB08DD800119557 /* Debug */,
				13D8F5952AB08DD800119557 /* Release */,
			);
			defaultConfigurationIsVisible = 0;
			defaultConfigurationName = Release;
		};
/* End XCConfigurationList section */
	};
	rootObject = 13D8F5772AB08DD600119557 /* Project object */;
}
